
Microsoft Visual Studio Solution File, Format Version 12.00
# Visual Studio Version 16
VisualStudioVersion = 16.0.30523.141
MinimumVisualStudioVersion = 10.0.40219.1
Project("{FAE04EC0-301F-11D3-BF4B-00C04F79EFBC}") = "EXAMEN", "EXAMEN.csproj", "{C23548AC-A37B-471E-BE6B-2212FAB40271}"
EndProject
Global
	GlobalSection(SolutionConfigurationPlatforms) = preSolution
		Debug|Any CPU = Debug|Any CPU
		Release|Any CPU = Release|Any CPU
	EndGlobalSection
	GlobalSection(ProjectConfigurationPlatforms) = postSolution
		{C23548AC-A37B-471E-BE6B-2212FAB40271}.Debug|Any CPU.ActiveCfg = Debug|Any CPU
		{C23548AC-A37B-471E-BE6B-2212FAB40271}.Debug|Any CPU.Build.0 = Debug|Any CPU
		{C23548AC-A37B-471E-BE6B-2212FAB40271}.Release|Any CPU.ActiveCfg = Release|Any CPU
		{C23548AC-A37B-471E-BE6B-2212FAB40271}.Release|Any CPU.Build.0 = Release|Any CPU
	EndGlobalSection
	GlobalSection(SolutionProperties) = preSolution
		HideSolutionNode = FALSE
	EndGlobalSection
	GlobalSection(ExtensibilityGlobals) = postSolution
		SolutionGuid = {F34A04C1-6326-4299-A3FB-BD66309FBCED}
	EndGlobalSection
EndGlobal
