
Microsoft Visual Studio Solution File, Format Version 12.00
# Visual Studio Version 16
VisualStudioVersion = 16.0.30523.141
MinimumVisualStudioVersion = 10.0.40219.1
Project("{FAE04EC0-301F-11D3-BF4B-00C04F79EFBC}") = "dateInRomanNum", "dateInRomanNum.csproj", "{E31FB55B-4EE8-4275-B127-5927E502C6B8}"
EndProject
Global
	GlobalSection(SolutionConfigurationPlatforms) = preSolution
		Debug|Any CPU = Debug|Any CPU
		Release|Any CPU = Release|Any CPU
	EndGlobalSection
	GlobalSection(ProjectConfigurationPlatforms) = postSolution
		{E31FB55B-4EE8-4275-B127-5927E502C6B8}.Debug|Any CPU.ActiveCfg = Debug|Any CPU
		{E31FB55B-4EE8-4275-B127-5927E502C6B8}.Debug|Any CPU.Build.0 = Debug|Any CPU
		{E31FB55B-4EE8-4275-B127-5927E502C6B8}.Release|Any CPU.ActiveCfg = Release|Any CPU
		{E31FB55B-4EE8-4275-B127-5927E502C6B8}.Release|Any CPU.Build.0 = Release|Any CPU
	EndGlobalSection
	GlobalSection(SolutionProperties) = preSolution
		HideSolutionNode = FALSE
	EndGlobalSection
	GlobalSection(ExtensibilityGlobals) = postSolution
		SolutionGuid = {0AD735CF-F10F-4C2C-AB7F-E7715A69F32D}
	EndGlobalSection
EndGlobal
