
Microsoft Visual Studio Solution File, Format Version 12.00
# Visual Studio Version 16
VisualStudioVersion = 16.0.30523.141
MinimumVisualStudioVersion = 10.0.40219.1
Project("{FAE04EC0-301F-11D3-BF4B-00C04F79EFBC}") = "av_Matrice", "av_Matrice.csproj", "{008756D1-2BCE-4909-8C3C-A728F083E087}"
EndProject
Global
	GlobalSection(SolutionConfigurationPlatforms) = preSolution
		Debug|Any CPU = Debug|Any CPU
		Release|Any CPU = Release|Any CPU
	EndGlobalSection
	GlobalSection(ProjectConfigurationPlatforms) = postSolution
		{008756D1-2BCE-4909-8C3C-A728F083E087}.Debug|Any CPU.ActiveCfg = Debug|Any CPU
		{008756D1-2BCE-4909-8C3C-A728F083E087}.Debug|Any CPU.Build.0 = Debug|Any CPU
		{008756D1-2BCE-4909-8C3C-A728F083E087}.Release|Any CPU.ActiveCfg = Release|Any CPU
		{008756D1-2BCE-4909-8C3C-A728F083E087}.Release|Any CPU.Build.0 = Release|Any CPU
	EndGlobalSection
	GlobalSection(SolutionProperties) = preSolution
		HideSolutionNode = FALSE
	EndGlobalSection
	GlobalSection(ExtensibilityGlobals) = postSolution
		SolutionGuid = {7D319E85-46DC-4A3D-AA62-CC3C8272EF2C}
	EndGlobalSection
EndGlobal
